
Microsoft Visual Studio Solution File, Format Version 12.00
# Visual Studio 15
VisualStudioVersion = 15.0.27703.2042
MinimumVisualStudioVersion = 10.0.40219.1
Project("{FAE04EC0-301F-11D3-BF4B-00C04F79EFBC}") = "Server", "Server\Server.csproj", "{06C1C7BD-CB57-429B-BDB6-D610BE1535F1}"
EndProject
Project("{FAE04EC0-301F-11D3-BF4B-00C04F79EFBC}") = "Client", "Client\Client.csproj", "{41366D79-1B1D-4145-9036-CA4AFEC37AD1}"
EndProject
Global
	GlobalSection(SolutionConfigurationPlatforms) = preSolution
		Debug|Any CPU = Debug|Any CPU
		Release|Any CPU = Release|Any CPU
	EndGlobalSection
	GlobalSection(ProjectConfigurationPlatforms) = postSolution
		{06C1C7BD-CB57-429B-BDB6-D610BE1535F1}.Debug|Any CPU.ActiveCfg = Debug|Any CPU
		{06C1C7BD-CB57-429B-BDB6-D610BE1535F1}.Debug|Any CPU.Build.0 = Debug|Any CPU
		{06C1C7BD-CB57-429B-BDB6-D610BE1535F1}.Release|Any CPU.ActiveCfg = Release|Any CPU
		{06C1C7BD-CB57-429B-BDB6-D610BE1535F1}.Release|Any CPU.Build.0 = Release|Any CPU
		{41366D79-1B1D-4145-9036-CA4AFEC37AD1}.Debug|Any CPU.ActiveCfg = Debug|Any CPU
		{41366D79-1B1D-4145-9036-CA4AFEC37AD1}.Debug|Any CPU.Build.0 = Debug|Any CPU
		{41366D79-1B1D-4145-9036-CA4AFEC37AD1}.Release|Any CPU.ActiveCfg = Release|Any CPU
		{41366D79-1B1D-4145-9036-CA4AFEC37AD1}.Release|Any CPU.Build.0 = Release|Any CPU
	EndGlobalSection
	GlobalSection(SolutionProperties) = preSolution
		HideSolutionNode = FALSE
	EndGlobalSection
	GlobalSection(ExtensibilityGlobals) = postSolution
		SolutionGuid = {9BE4C86C-0857-4E8A-81C6-AC2D8697C702}
	EndGlobalSection
EndGlobal
