Microsoft Visual Studio Solution File, Format Version 12.00
# Visual Studio Version 16
VisualStudioVersion = 16.0.31424.327
MinimumVisualStudioVersion = 10.0.40219.1
Project("{FAE04EC0-301F-11D3-BF4B-00C04F79EFBC}") = "Server", "Server\Server.csproj", "{06C1C7BD-CB57-429B-BDB6-D610BE1535F1}"
EndProject
Project("{FAE04EC0-301F-11D3-BF4B-00C04F79EFBC}") = "Client", "Client\Client.csproj", "{41366D79-1B1D-4145-9036-CA4AFEC37AD1}"
EndProject
Project("{2150E333-8FDC-42A3-9474-1A3956D46DE8}") = "Solution Items", "Solution Items", "{BD14ABCC-63FA-4467-845E-FB4D4ECED9BC}"
	ProjectSection(SolutionItems) = preProject
		.github\workflows\cd.yml = .github\workflows\cd.yml
		.github\workflows\ci.yml = .github\workflows\ci.yml
		GitVersion.yml = GitVersion.yml
		index.html = index.html
		nfive.yml = nfive.yml
		README.md = README.md
	EndProjectSection
EndProject
Global
	GlobalSection(SolutionConfigurationPlatforms) = preSolution
		Debug|Any CPU = Debug|Any CPU
		Release|Any CPU = Release|Any CPU
	EndGlobalSection
	GlobalSection(ProjectConfigurationPlatforms) = postSolution
		{06C1C7BD-CB57-429B-BDB6-D610BE1535F1}.Debug|Any CPU.ActiveCfg = Debug|Any CPU
		{06C1C7BD-CB57-429B-BDB6-D610BE1535F1}.Debug|Any CPU.Build.0 = Debug|Any CPU
		{06C1C7BD-CB57-429B-BDB6-D610BE1535F1}.Release|Any CPU.ActiveCfg = Release|Any CPU
		{06C1C7BD-CB57-429B-BDB6-D610BE1535F1}.Release|Any CPU.Build.0 = Release|Any CPU
		{41366D79-1B1D-4145-9036-CA4AFEC37AD1}.Debug|Any CPU.ActiveCfg = Debug|Any CPU
		{41366D79-1B1D-4145-9036-CA4AFEC37AD1}.Debug|Any CPU.Build.0 = Debug|Any CPU
		{41366D79-1B1D-4145-9036-CA4AFEC37AD1}.Release|Any CPU.ActiveCfg = Release|Any CPU
		{41366D79-1B1D-4145-9036-CA4AFEC37AD1}.Release|Any CPU.Build.0 = Release|Any CPU
	EndGlobalSection
	GlobalSection(SolutionProperties) = preSolution
		HideSolutionNode = FALSE
	EndGlobalSection
	GlobalSection(ExtensibilityGlobals) = postSolution
		SolutionGuid = {9BE4C86C-0857-4E8A-81C6-AC2D8697C702}
	EndGlobalSection
EndGlobal
